// !$*UTF8*$!
{
	archiveVersion = 1;
	classes = {
	};
	objectVersion = 77;
	objects = {

/* Begin PBXContainerItemProxy section */
		FFD5E5232D74A2F7002ED09D /* PBXContainerItemProxy */ = {
			isa = PBXContainerItemProxy;
			containerPortal = FFD5E5042D74A2F6002ED09D /* Project object */;
			proxyType = 1;
			remoteGlobalIDString = FFD5E50B2D74A2F6002ED09D;
			remoteInfo = CryptoService;
		};
		FFD5E52D2D74A2F7002ED09D /* PBXContainerItemProxy */ = {
			isa = PBXContainerItemProxy;
			containerPortal = FFD5E5042D74A2F6002ED09D /* Project object */;
			proxyType = 1;
			remoteGlobalIDString = FFD5E50B2D74A2F6002ED09D;
			remoteInfo = CryptoService;
		};
/* End PBXContainerItemProxy section */

/* Begin PBXFileReference section */
		FFD5E50C2D74A2F6002ED09D /* CryptoService.app */ = {isa = PBXFileReference; explicitFileType = wrapper.application; includeInIndex = 0; path = CryptoService.app; sourceTree = BUILT_PRODUCTS_DIR; };
		FFD5E5222D74A2F7002ED09D /* CryptoServiceTests.xctest */ = {isa = PBXFileReference; explicitFileType = wrapper.cfbundle; includeInIndex = 0; path = CryptoServiceTests.xctest; sourceTree = BUILT_PRODUCTS_DIR; };
		FFD5E52C2D74A2F7002ED09D /* CryptoServiceUITests.xctest */ = {isa = PBXFileReference; explicitFileType = wrapper.cfbundle; includeInIndex = 0; path = CryptoServiceUITests.xctest; sourceTree = BUILT_PRODUCTS_DIR; };
/* End PBXFileReference section */

/* Begin PBXFileSystemSynchronizedBuildFileExceptionSet section */
		FFD5E5342D74A2F7002ED09D /* Exceptions for "CryptoService" folder in "CryptoService" target */ = {
			isa = PBXFileSystemSynchronizedBuildFileExceptionSet;
			membershipExceptions = (
				Info.plist,
			);
			target = FFD5E50B2D74A2F6002ED09D /* CryptoService */;
		};
/* End PBXFileSystemSynchronizedBuildFileExceptionSet section */

/* Begin PBXFileSystemSynchronizedRootGroup section */
		FFD5E50E2D74A2F6002ED09D /* CryptoService */ = {
			isa = PBXFileSystemSynchronizedRootGroup;
			exceptions = (
				FFD5E5342D74A2F7002ED09D /* Exceptions for "CryptoService" folder in "CryptoService" target */,
			);
			path = CryptoService;
			sourceTree = "<group>";
		};
		FFD5E5252D74A2F7002ED09D /* CryptoServiceTests */ = {
			isa = PBXFileSystemSynchronizedRootGroup;
			path = CryptoServiceTests;
			sourceTree = "<group>";
		};
		FFD5E52F2D74A2F7002ED09D /* CryptoServiceUITests */ = {
			isa = PBXFileSystemSynchronizedRootGroup;
			path = CryptoServiceUITests;
			sourceTree = "<group>";
		};
/* End PBXFileSystemSynchronizedRootGroup section */

/* Begin PBXFrameworksBuildPhase section */
		FFD5E5092D74A2F6002ED09D /* Frameworks */ = {
			isa = PBXFrameworksBuildPhase;
			buildActionMask = 2147483647;
			files = (
			);
			runOnlyForDeploymentPostprocessing = 0;
		};
		FFD5E51F2D74A2F7002ED09D /* Frameworks */ = {
			isa = PBXFrameworksBuildPhase;
			buildActionMask = 2147483647;
			files = (
			);
			runOnlyForDeploymentPostprocessing = 0;
		};
		FFD5E5292D74A2F7002ED09D /* Frameworks */ = {
			isa = PBXFrameworksBuildPhase;
			buildActionMask = 2147483647;
			files = (
			);
			runOnlyForDeploymentPostprocessing = 0;
		};
/* End PBXFrameworksBuildPhase section */

/* Begin PBXGroup section */
		FFD5E5032D74A2F6002ED09D = {
			isa = PBXGroup;
			children = (
				FFD5E50E2D74A2F6002ED09D /* CryptoService */,
				FFD5E5252D74A2F7002ED09D /* CryptoServiceTests */,
				FFD5E52F2D74A2F7002ED09D /* CryptoServiceUITests */,
				FFD5E50D2D74A2F6002ED09D /* Products */,
			);
			sourceTree = "<group>";
		};
		FFD5E50D2D74A2F6002ED09D /* Products */ = {
			isa = PBXGroup;
			children = (
				FFD5E50C2D74A2F6002ED09D /* CryptoService.app */,
				FFD5E5222D74A2F7002ED09D /* CryptoServiceTests.xctest */,
				FFD5E52C2D74A2F7002ED09D /* CryptoServiceUITests.xctest */,
			);
			name = Products;
			sourceTree = "<group>";
		};
/* End PBXGroup section */

/* Begin PBXNativeTarget section */
		FFD5E50B2D74A2F6002ED09D /* CryptoService */ = {
			isa = PBXNativeTarget;
			buildConfigurationList = FFD5E5352D74A2F7002ED09D /* Build configuration list for PBXNativeTarget "CryptoService" */;
			buildPhases = (
				FFD5E5082D74A2F6002ED09D /* Sources */,
				FFD5E5092D74A2F6002ED09D /* Frameworks */,
				FFD5E50A2D74A2F6002ED09D /* Resources */,
			);
			buildRules = (
			);
			dependencies = (
			);
			fileSystemSynchronizedGroups = (
				FFD5E50E2D74A2F6002ED09D /* CryptoService */,
			);
			name = CryptoService;
			packageProductDependencies = (
			);
			productName = CryptoService;
			productReference = FFD5E50C2D74A2F6002ED09D /* CryptoService.app */;
			productType = "com.apple.product-type.application";
		};
		FFD5E5212D74A2F7002ED09D /* CryptoServiceTests */ = {
			isa = PBXNativeTarget;
			buildConfigurationList = FFD5E53A2D74A2F7002ED09D /* Build configuration list for PBXNativeTarget "CryptoServiceTests" */;
			buildPhases = (
				FFD5E51E2D74A2F7002ED09D /* Sources */,
				FFD5E51F2D74A2F7002ED09D /* Frameworks */,
				FFD5E5202D74A2F7002ED09D /* Resources */,
			);
			buildRules = (
			);
			dependencies = (
				FFD5E5242D74A2F7002ED09D /* PBXTargetDependency */,
			);
			fileSystemSynchronizedGroups = (
				FFD5E5252D74A2F7002ED09D /* CryptoServiceTests */,
			);
			name = CryptoServiceTests;
			packageProductDependencies = (
			);
			productName = CryptoServiceTests;
			productReference = FFD5E5222D74A2F7002ED09D /* CryptoServiceTests.xctest */;
			productType = "com.apple.product-type.bundle.unit-test";
		};
		FFD5E52B2D74A2F7002ED09D /* CryptoServiceUITests */ = {
			isa = PBXNativeTarget;
			buildConfigurationList = FFD5E53D2D74A2F7002ED09D /* Build configuration list for PBXNativeTarget "CryptoServiceUITests" */;
			buildPhases = (
				FFD5E5282D74A2F7002ED09D /* Sources */,
				FFD5E5292D74A2F7002ED09D /* Frameworks */,
				FFD5E52A2D74A2F7002ED09D /* Resources */,
			);
			buildRules = (
			);
			dependencies = (
				FFD5E52E2D74A2F7002ED09D /* PBXTargetDependency */,
			);
			fileSystemSynchronizedGroups = (
				FFD5E52F2D74A2F7002ED09D /* CryptoServiceUITests */,
			);
			name = CryptoServiceUITests;
			packageProductDependencies = (
			);
			productName = CryptoServiceUITests;
			productReference = FFD5E52C2D74A2F7002ED09D /* CryptoServiceUITests.xctest */;
			productType = "com.apple.product-type.bundle.ui-testing";
		};
/* End PBXNativeTarget section */

/* Begin PBXProject section */
		FFD5E5042D74A2F6002ED09D /* Project object */ = {
			isa = PBXProject;
			attributes = {
				BuildIndependentTargetsInParallel = 1;
				LastSwiftUpdateCheck = 1620;
				LastUpgradeCheck = 1620;
				TargetAttributes = {
					FFD5E50B2D74A2F6002ED09D = {
						CreatedOnToolsVersion = 16.2;
					};
					FFD5E5212D74A2F7002ED09D = {
						CreatedOnToolsVersion = 16.2;
						TestTargetID = FFD5E50B2D74A2F6002ED09D;
					};
					FFD5E52B2D74A2F7002ED09D = {
						CreatedOnToolsVersion = 16.2;
						TestTargetID = FFD5E50B2D74A2F6002ED09D;
					};
				};
			};
			buildConfigurationList = FFD5E5072D74A2F6002ED09D /* Build configuration list for PBXProject "CryptoService" */;
			developmentRegion = en;
			hasScannedForEncodings = 0;
			knownRegions = (
				en,
				Base,
			);
			mainGroup = FFD5E5032D74A2F6002ED09D;
			minimizedProjectReferenceProxies = 1;
			preferredProjectObjectVersion = 77;
			productRefGroup = FFD5E50D2D74A2F6002ED09D /* Products */;
			projectDirPath = "";
			projectRoot = "";
			targets = (
				FFD5E50B2D74A2F6002ED09D /* CryptoService */,
				FFD5E5212D74A2F7002ED09D /* CryptoServiceTests */,
				FFD5E52B2D74A2F7002ED09D /* CryptoServiceUITests */,
			);
		};
/* End PBXProject section */

/* Begin PBXResourcesBuildPhase section */
		FFD5E50A2D74A2F6002ED09D /* Resources */ = {
			isa = PBXResourcesBuildPhase;
			buildActionMask = 2147483647;
			files = (
			);
			runOnlyForDeploymentPostprocessing = 0;
		};
		FFD5E5202D74A2F7002ED09D /* Resources */ = {
			isa = PBXResourcesBuildPhase;
			buildActionMask = 2147483647;
			files = (
			);
			runOnlyForDeploymentPostprocessing = 0;
		};
		FFD5E52A2D74A2F7002ED09D /* Resources */ = {
			isa = PBXResourcesBuildPhase;
			buildActionMask = 2147483647;
			files = (
			);
			runOnlyForDeploymentPostprocessing = 0;
		};
/* End PBXResourcesBuildPhase section */

/* Begin PBXSourcesBuildPhase section */
		FFD5E5082D74A2F6002ED09D /* Sources */ = {
			isa = PBXSourcesBuildPhase;
			buildActionMask = 2147483647;
			files = (
			);
			runOnlyForDeploymentPostprocessing = 0;
		};
		FFD5E51E2D74A2F7002ED09D /* Sources */ = {
			isa = PBXSourcesBuildPhase;
			buildActionMask = 2147483647;
			files = (
			);
			runOnlyForDeploymentPostprocessing = 0;
		};
		FFD5E5282D74A2F7002ED09D /* Sources */ = {
			isa = PBXSourcesBuildPhase;
			buildActionMask = 2147483647;
			files = (
			);
			runOnlyForDeploymentPostprocessing = 0;
		};
/* End PBXSourcesBuildPhase section */

/* Begin PBXTargetDependency section */
		FFD5E5242D74A2F7002ED09D /* PBXTargetDependency */ = {
			isa = PBXTargetDependency;
			target = FFD5E50B2D74A2F6002ED09D /* CryptoService */;
			targetProxy = FFD5E5232D74A2F7002ED09D /* PBXContainerItemProxy */;
		};
		FFD5E52E2D74A2F7002ED09D /* PBXTargetDependency */ = {
			isa = PBXTargetDependency;
			target = FFD5E50B2D74A2F6002ED09D /* CryptoService */;
			targetProxy = FFD5E52D2D74A2F7002ED09D /* PBXContainerItemProxy */;
		};
/* End PBXTargetDependency section */

/* Begin XCBuildConfiguration section */
		FFD5E5362D74A2F7002ED09D /* Debug */ = {
			isa = XCBuildConfiguration;
			buildSettings = {
				ASSETCATALOG_COMPILER_APPICON_NAME = AppIcon;
				ASSETCATALOG_COMPILER_GLOBAL_ACCENT_COLOR_NAME = AccentColor;
				CODE_SIGN_STYLE = Automatic;
				CURRENT_PROJECT_VERSION = 1;
				DEVELOPMENT_TEAM = T985K3P4V7;
				GENERATE_INFOPLIST_FILE = YES;
				INFOPLIST_FILE = CryptoService/Info.plist;
				INFOPLIST_KEY_UIApplicationSupportsIndirectInputEvents = YES;
				INFOPLIST_KEY_UILaunchStoryboardName = LaunchScreen;
				INFOPLIST_KEY_UIMainStoryboardFile = Main;
				INFOPLIST_KEY_UISupportedInterfaceOrientations_iPad = "UIInterfaceOrientationPortrait UIInterfaceOrientationPortraitUpsideDown UIInterfaceOrientationLandscapeLeft UIInterfaceOrientationLandscapeRight";
				INFOPLIST_KEY_UISupportedInterfaceOrientations_iPhone = "UIInterfaceOrientationPortrait UIInterfaceOrientationLandscapeLeft UIInterfaceOrientationLandscapeRight";
				LD_RUNPATH_SEARCH_PATHS = (
					"$(inherited)",
					"@executable_path/Frameworks",
				);
				MARKETING_VERSION = 1.0;
				PRODUCT_BUNDLE_IDENTIFIER = com.omerapaydin.CryptoService;
				PRODUCT_NAME = "$(TARGET_NAME)";
				SWIFT_EMIT_LOC_STRINGS = YES;
				SWIFT_VERSION = 5.0;
				TARGETED_DEVICE_FAMILY = "1,2";
			};
			name = Debug;
		};
		FFD5E5372D74A2F7002ED09D /* Release */ = {
			isa = XCBuildConfiguration;
			buildSettings = {
				ASSETCATALOG_COMPILER_APPICON_NAME = AppIcon;
				ASSETCATALOG_COMPILER_GLOBAL_ACCENT_COLOR_NAME = AccentColor;
				CODE_SIGN_STYLE = Automatic;
				CURRENT_PROJECT_VERSION = 1;
				DEVELOPMENT_TEAM = T985K3P4V7;
				GENERATE_INFOPLIST_FILE = YES;
				INFOPLIST_FILE = CryptoService/Info.plist;
				INFOPLIST_KEY_UIApplicationSupportsIndirectInputEvents = YES;
				INFOPLIST_KEY_UILaunchStoryboardName = LaunchScreen;
				INFOPLIST_KEY_UIMainStoryboardFile = Main;
				INFOPLIST_KEY_UISupportedInterfaceOrientations_iPad = "UIInterfaceOrientationPortrait UIInterfaceOrientationPortraitUpsideDown UIInterfaceOrientationLandscapeLeft UIInterfaceOrientationLandscapeRight";
				INFOPLIST_KEY_UISupportedInterfaceOrientations_iPhone = "UIInterfaceOrientationPortrait UIInterfaceOrientationLandscapeLeft UIInterfaceOrientationLandscapeRight";
				LD_RUNPATH_SEARCH_PATHS = (
					"$(inherited)",
					"@executable_path/Frameworks",
				);
				MARKETING_VERSION = 1.0;
				PRODUCT_BUNDLE_IDENTIFIER = com.omerapaydin.CryptoService;
				PRODUCT_NAME = "$(TARGET_NAME)";
				SWIFT_EMIT_LOC_STRINGS = YES;
				SWIFT_VERSION = 5.0;
				TARGETED_DEVICE_FAMILY = "1,2";
			};
			name = Release;
		};
		FFD5E5382D74A2F7002ED09D /* Debug */ = {
			isa = XCBuildConfiguration;
			buildSettings = {
				ALWAYS_SEARCH_USER_PATHS = NO;
				ASSETCATALOG_COMPILER_GENERATE_SWIFT_ASSET_SYMBOL_EXTENSIONS = YES;
				CLANG_ANALYZER_NONNULL = YES;
				CLANG_ANALYZER_NUMBER_OBJECT_CONVERSION = YES_AGGRESSIVE;
				CLANG_CXX_LANGUAGE_STANDARD = "gnu++20";
				CLANG_ENABLE_MODULES = YES;
				CLANG_ENABLE_OBJC_ARC = YES;
				CLANG_ENABLE_OBJC_WEAK = YES;
				CLANG_WARN_BLOCK_CAPTURE_AUTORELEASING = YES;
				CLANG_WARN_BOOL_CONVERSION = YES;
				CLANG_WARN_COMMA = YES;
				CLANG_WARN_CONSTANT_CONVERSION = YES;
				CLANG_WARN_DEPRECATED_OBJC_IMPLEMENTATIONS = YES;
				CLANG_WARN_DIRECT_OBJC_ISA_USAGE = YES_ERROR;
				CLANG_WARN_DOCUMENTATION_COMMENTS = YES;
				CLANG_WARN_EMPTY_BODY = YES;
				CLANG_WARN_ENUM_CONVERSION = YES;
				CLANG_WARN_INFINITE_RECURSION = YES;
				CLANG_WARN_INT_CONVERSION = YES;
				CLANG_WARN_NON_LITERAL_NULL_CONVERSION = YES;
				CLANG_WARN_OBJC_IMPLICIT_RETAIN_SELF = YES;
				CLANG_WARN_OBJC_LITERAL_CONVERSION = YES;
				CLANG_WARN_OBJC_ROOT_CLASS = YES_ERROR;
				CLANG_WARN_QUOTED_INCLUDE_IN_FRAMEWORK_HEADER = YES;
				CLANG_WARN_RANGE_LOOP_ANALYSIS = YES;
				CLANG_WARN_STRICT_PROTOTYPES = YES;
				CLANG_WARN_SUSPICIOUS_MOVE = YES;
				CLANG_WARN_UNGUARDED_AVAILABILITY = YES_AGGRESSIVE;
				CLANG_WARN_UNREACHABLE_CODE = YES;
				CLANG_WARN__DUPLICATE_METHOD_MATCH = YES;
				COPY_PHASE_STRIP = NO;
				DEBUG_INFORMATION_FORMAT = dwarf;
				ENABLE_STRICT_OBJC_MSGSEND = YES;
				ENABLE_TESTABILITY = YES;
				ENABLE_USER_SCRIPT_SANDBOXING = YES;
				GCC_C_LANGUAGE_STANDARD = gnu17;
				GCC_DYNAMIC_NO_PIC = NO;
				GCC_NO_COMMON_BLOCKS = YES;
				GCC_OPTIMIZATION_LEVEL = 0;
				GCC_PREPROCESSOR_DEFINITIONS = (
					"DEBUG=1",
					"$(inherited)",
				);
				GCC_WARN_64_TO_32_BIT_CONVERSION = YES;
				GCC_WARN_ABOUT_RETURN_TYPE = YES_ERROR;
				GCC_WARN_UNDECLARED_SELECTOR = YES;
				GCC_WARN_UNINITIALIZED_AUTOS = YES_AGGRESSIVE;
				GCC_WARN_UNUSED_FUNCTION = YES;
				GCC_WARN_UNUSED_VARIABLE = YES;
				IPHONEOS_DEPLOYMENT_TARGET = 18.2;
				LOCALIZATION_PREFERS_STRING_CATALOGS = YES;
				MTL_ENABLE_DEBUG_INFO = INCLUDE_SOURCE;
				MTL_FAST_MATH = YES;
				ONLY_ACTIVE_ARCH = YES;
				SDKROOT = iphoneos;
				SWIFT_ACTIVE_COMPILATION_CONDITIONS = "DEBUG $(inherited)";
				SWIFT_OPTIMIZATION_LEVEL = "-Onone";
			};
			name = Debug;
		};
		FFD5E5392D74A2F7002ED09D /* Release */ = {
			isa = XCBuildConfiguration;
			buildSettings = {
				ALWAYS_SEARCH_USER_PATHS = NO;
				ASSETCATALOG_COMPILER_GENERATE_SWIFT_ASSET_SYMBOL_EXTENSIONS = YES;
				CLANG_ANALYZER_NONNULL = YES;
				CLANG_ANALYZER_NUMBER_OBJECT_CONVERSION = YES_AGGRESSIVE;
				CLANG_CXX_LANGUAGE_STANDARD = "gnu++20";
				CLANG_ENABLE_MODULES = YES;
				CLANG_ENABLE_OBJC_ARC = YES;
				CLANG_ENABLE_OBJC_WEAK = YES;
				CLANG_WARN_BLOCK_CAPTURE_AUTORELEASING = YES;
				CLANG_WARN_BOOL_CONVERSION = YES;
				CLANG_WARN_COMMA = YES;
				CLANG_WARN_CONSTANT_CONVERSION = YES;
				CLANG_WARN_DEPRECATED_OBJC_IMPLEMENTATIONS = YES;
				CLANG_WARN_DIRECT_OBJC_ISA_USAGE = YES_ERROR;
				CLANG_WARN_DOCUMENTATION_COMMENTS = YES;
				CLANG_WARN_EMPTY_BODY = YES;
				CLANG_WARN_ENUM_CONVERSION = YES;
				CLANG_WARN_INFINITE_RECURSION = YES;
				CLANG_WARN_INT_CONVERSION = YES;
				CLANG_WARN_NON_LITERAL_NULL_CONVERSION = YES;
				CLANG_WARN_OBJC_IMPLICIT_RETAIN_SELF = YES;
				CLANG_WARN_OBJC_LITERAL_CONVERSION = YES;
				CLANG_WARN_OBJC_ROOT_CLASS = YES_ERROR;
				CLANG_WARN_QUOTED_INCLUDE_IN_FRAMEWORK_HEADER = YES;
				CLANG_WARN_RANGE_LOOP_ANALYSIS = YES;
				CLANG_WARN_STRICT_PROTOTYPES = YES;
				CLANG_WARN_SUSPICIOUS_MOVE = YES;
				CLANG_WARN_UNGUARDED_AVAILABILITY = YES_AGGRESSIVE;
				CLANG_WARN_UNREACHABLE_CODE = YES;
				CLANG_WARN__DUPLICATE_METHOD_MATCH = YES;
				COPY_PHASE_STRIP = NO;
				DEBUG_INFORMATION_FORMAT = "dwarf-with-dsym";
				ENABLE_NS_ASSERTIONS = NO;
				ENABLE_STRICT_OBJC_MSGSEND = YES;
				ENABLE_USER_SCRIPT_SANDBOXING = YES;
				GCC_C_LANGUAGE_STANDARD = gnu17;
				GCC_NO_COMMON_BLOCKS = YES;
				GCC_WARN_64_TO_32_BIT_CONVERSION = YES;
				GCC_WARN_ABOUT_RETURN_TYPE = YES_ERROR;
				GCC_WARN_UNDECLARED_SELECTOR = YES;
				GCC_WARN_UNINITIALIZED_AUTOS = YES_AGGRESSIVE;
				GCC_WARN_UNUSED_FUNCTION = YES;
				GCC_WARN_UNUSED_VARIABLE = YES;
				IPHONEOS_DEPLOYMENT_TARGET = 18.2;
				LOCALIZATION_PREFERS_STRING_CATALOGS = YES;
				MTL_ENABLE_DEBUG_INFO = NO;
				MTL_FAST_MATH = YES;
				SDKROOT = iphoneos;
				SWIFT_COMPILATION_MODE = wholemodule;
				VALIDATE_PRODUCT = YES;
			};
			name = Release;
		};
		FFD5E53B2D74A2F7002ED09D /* Debug */ = {
			isa = XCBuildConfiguration;
			buildSettings = {
				BUNDLE_LOADER = "$(TEST_HOST)";
				CODE_SIGN_STYLE = Automatic;
				CURRENT_PROJECT_VERSION = 1;
				DEVELOPMENT_TEAM = T985K3P4V7;
				GENERATE_INFOPLIST_FILE = YES;
				IPHONEOS_DEPLOYMENT_TARGET = 18.2;
				MARKETING_VERSION = 1.0;
				PRODUCT_BUNDLE_IDENTIFIER = com.omerapaydin.CryptoServiceTests;
				PRODUCT_NAME = "$(TARGET_NAME)";
				SWIFT_EMIT_LOC_STRINGS = NO;
				SWIFT_VERSION = 5.0;
				TARGETED_DEVICE_FAMILY = "1,2";
				TEST_HOST = "$(BUILT_PRODUCTS_DIR)/CryptoService.app/$(BUNDLE_EXECUTABLE_FOLDER_PATH)/CryptoService";
			};
			name = Debug;
		};
		FFD5E53C2D74A2F7002ED09D /* Release */ = {
			isa = XCBuildConfiguration;
			buildSettings = {
				BUNDLE_LOADER = "$(TEST_HOST)";
				CODE_SIGN_STYLE = Automatic;
				CURRENT_PROJECT_VERSION = 1;
				DEVELOPMENT_TEAM = T985K3P4V7;
				GENERATE_INFOPLIST_FILE = YES;
				IPHONEOS_DEPLOYMENT_TARGET = 18.2;
				MARKETING_VERSION = 1.0;
				PRODUCT_BUNDLE_IDENTIFIER = com.omerapaydin.CryptoServiceTests;
				PRODUCT_NAME = "$(TARGET_NAME)";
				SWIFT_EMIT_LOC_STRINGS = NO;
				SWIFT_VERSION = 5.0;
				TARGETED_DEVICE_FAMILY = "1,2";
				TEST_HOST = "$(BUILT_PRODUCTS_DIR)/CryptoService.app/$(BUNDLE_EXECUTABLE_FOLDER_PATH)/CryptoService";
			};
			name = Release;
		};
		FFD5E53E2D74A2F7002ED09D /* Debug */ = {
			isa = XCBuildConfiguration;
			buildSettings = {
				CODE_SIGN_STYLE = Automatic;
				CURRENT_PROJECT_VERSION = 1;
				DEVELOPMENT_TEAM = T985K3P4V7;
				GENERATE_INFOPLIST_FILE = YES;
				MARKETING_VERSION = 1.0;
				PRODUCT_BUNDLE_IDENTIFIER = com.omerapaydin.CryptoServiceUITests;
				PRODUCT_NAME = "$(TARGET_NAME)";
				SWIFT_EMIT_LOC_STRINGS = NO;
				SWIFT_VERSION = 5.0;
				TARGETED_DEVICE_FAMILY = "1,2";
				TEST_TARGET_NAME = CryptoService;
			};
			name = Debug;
		};
		FFD5E53F2D74A2F7002ED09D /* Release */ = {
			isa = XCBuildConfiguration;
			buildSettings = {
				CODE_SIGN_STYLE = Automatic;
				CURRENT_PROJECT_VERSION = 1;
				DEVELOPMENT_TEAM = T985K3P4V7;
				GENERATE_INFOPLIST_FILE = YES;
				MARKETING_VERSION = 1.0;
				PRODUCT_BUNDLE_IDENTIFIER = com.omerapaydin.CryptoServiceUITests;
				PRODUCT_NAME = "$(TARGET_NAME)";
				SWIFT_EMIT_LOC_STRINGS = NO;
				SWIFT_VERSION = 5.0;
				TARGETED_DEVICE_FAMILY = "1,2";
				TEST_TARGET_NAME = CryptoService;
			};
			name = Release;
		};
/* End XCBuildConfiguration section */

/* Begin XCConfigurationList section */
		FFD5E5072D74A2F6002ED09D /* Build configuration list for PBXProject "CryptoService" */ = {
			isa = XCConfigurationList;
			buildConfigurations = (
				FFD5E5382D74A2F7002ED09D /* Debug */,
				FFD5E5392D74A2F7002ED09D /* Release */,
			);
			defaultConfigurationIsVisible = 0;
			defaultConfigurationName = Release;
		};
		FFD5E5352D74A2F7002ED09D /* Build configuration list for PBXNativeTarget "CryptoService" */ = {
			isa = XCConfigurationList;
			buildConfigurations = (
				FFD5E5362D74A2F7002ED09D /* Debug */,
				FFD5E5372D74A2F7002ED09D /* Release */,
			);
			defaultConfigurationIsVisible = 0;
			defaultConfigurationName = Release;
		};
		FFD5E53A2D74A2F7002ED09D /* Build configuration list for PBXNativeTarget "CryptoServiceTests" */ = {
			isa = XCConfigurationList;
			buildConfigurations = (
				FFD5E53B2D74A2F7002ED09D /* Debug */,
				FFD5E53C2D74A2F7002ED09D /* Release */,
			);
			defaultConfigurationIsVisible = 0;
			defaultConfigurationName = Release;
		};
		FFD5E53D2D74A2F7002ED09D /* Build configuration list for PBXNativeTarget "CryptoServiceUITests" */ = {
			isa = XCConfigurationList;
			buildConfigurations = (
				FFD5E53E2D74A2F7002ED09D /* Debug */,
				FFD5E53F2D74A2F7002ED09D /* Release */,
			);
			defaultConfigurationIsVisible = 0;
			defaultConfigurationName = Release;
		};
/* End XCConfigurationList section */
	};
	rootObject = FFD5E5042D74A2F6002ED09D /* Project object */;
}
